{
  "lockfileVersion": 1,
  "configVersion": 1,
  "workspaces": {
    "": {
      "name": "copilot-provider",
      "dependencies": {
        "@ai-sdk/provider": "^3.0.8",
        "@ai-sdk/provider-utils": "^4.0.21",
        "@github/copilot-sdk": "^0.2.0",
        "ai": "^6.0.141",
        "pino": "^10.3.1",
        "pino-pretty": "^13.1.3",
      },
      "devDependencies": {
        "@types/bun": "^1.3.11",
      },
      "peerDependencies": {
        "typescript": "^5",
      },
    },
  },
  "packages": {
    "@ai-sdk/gateway": ["@ai-sdk/gateway@3.0.83", "", { "dependencies": { "@ai-sdk/provider": "3.0.8", "@ai-sdk/provider-utils": "4.0.21", "@vercel/oidc": "3.1.0" }, "peerDependencies": { "zod": "^3.25.76 || ^4.1.8" } }, "sha512-LvlWujbSdEkTBXBLFtF7GS6riXdHhH0O+DpDrCaNQvXeHmSF2jKsOg7JWXiCgygAHM5cWFAO3JYmZp83DjiuBQ=="],

    "@ai-sdk/provider": ["@ai-sdk/provider@3.0.8", "", { "dependencies": { "json-schema": "^0.4.0" } }, "sha512-oGMAgGoQdBXbZqNG0Ze56CHjDZ1IDYOwGYxYjO5KLSlz5HiNQ9udIXsPZ61VWaHGZ5XW/jyjmr6t2xz2jGVwbQ=="],

    "@ai-sdk/provider-utils": ["@ai-sdk/provider-utils@4.0.21", "", { "dependencies": { "@ai-sdk/provider": "3.0.8", "@standard-schema/spec": "^1.1.0", "eventsource-parser": "^3.0.6" }, "peerDependencies": { "zod": "^3.25.76 || ^4.1.8" } }, "sha512-MtFUYI1/8mgDvRmaBDjbLJPFFrMG777AvSgyIFQtZHIMzm88R/12vYBBpnk7pfiWLFE1DSZzY4WDYzGbKAcmiw=="],

    "@github/copilot": ["@github/copilot@1.0.12", "", { "optionalDependencies": { "@github/copilot-darwin-arm64": "1.0.12", "@github/copilot-darwin-x64": "1.0.12", "@github/copilot-linux-arm64": "1.0.12", "@github/copilot-linux-x64": "1.0.12", "@github/copilot-win32-arm64": "1.0.12", "@github/copilot-win32-x64": "1.0.12" }, "bin": { "copilot": "npm-loader.js" } }, "sha512-GpmoJbs1ECyLLKtY4PcFzO8Cz6GgDTOKkrzwNdkirNdfsB+o6x0OOlFyrOdNXNPII7pk9+GcpIjF87sLwWzpPQ=="],

    "@github/copilot-darwin-arm64": ["@github/copilot-darwin-arm64@1.0.12", "", { "os": "darwin", "cpu": "arm64", "bin": { "copilot-darwin-arm64": "copilot" } }, "sha512-fjbwRIUZAH06Eyg5ZkfZXg8SVXpqI3HaFhtXZ803CZs9mfIgfOSR3URZxUnv7SIv6aI/7f6ws8RxKnPGavJ/tg=="],

    "@github/copilot-darwin-x64": ["@github/copilot-darwin-x64@1.0.12", "", { "os": "darwin", "cpu": "x64", "bin": { "copilot-darwin-x64": "copilot" } }, "sha512-/tJGJEEm8kpTW/sJRNnvhMSHKIHApNun14biuIkC5CXDqVgFakbKlckn/FlIkT48eEUysc0YbEatrHIDz/8XbA=="],

    "@github/copilot-linux-arm64": ["@github/copilot-linux-arm64@1.0.12", "", { "os": "linux", "cpu": "arm64", "bin": { "copilot-linux-arm64": "copilot" } }, "sha512-4977LVJi3/9Yc+ivj+VKDVtHg0kT5yqOrN8F35/jgqerx4Mdtk1pOMlWztXxLicBHN4y2V7/EY/wc0WqFW0Zvg=="],

    "@github/copilot-linux-x64": ["@github/copilot-linux-x64@1.0.12", "", { "os": "linux", "cpu": "x64", "bin": { "copilot-linux-x64": "copilot" } }, "sha512-9QevJZD29PVltYDV4xHWbdN6ud/966clERL5Frh2+9D3+spaVDO1hFllzoFiEwD/M4f2GkSh7/fT3hV0LKl9Ag=="],

    "@github/copilot-sdk": ["@github/copilot-sdk@0.2.0", "", { "dependencies": { "@github/copilot": "^1.0.10", "vscode-jsonrpc": "^8.2.1", "zod": "^4.3.6" } }, "sha512-fCEpD9W9xqcaCAJmatyNQ1PkET9P9liK2P4Vk0raDFoMXcvpIdqewa5JQeKtWCBUsN/HCz7ExkkFP8peQuo+DA=="],

    "@github/copilot-win32-arm64": ["@github/copilot-win32-arm64@1.0.12", "", { "os": "win32", "cpu": "arm64", "bin": { "copilot-win32-arm64": "copilot.exe" } }, "sha512-RLAbAsLniI8vA2utgZdIsvD8slZpz1fb8l6cmIiQvDE/BwQb2zNV9VepZ+CwzYtNx9ifxBtgIwYwUJq5bxeSaQ=="],

    "@github/copilot-win32-x64": ["@github/copilot-win32-x64@1.0.12", "", { "os": "win32", "cpu": "x64", "bin": { "copilot-win32-x64": "copilot.exe" } }, "sha512-4SYV09F4Sw20DAib1do26+ALZmCZrghzo+5e6IZbQOsm4B7NhBFaLpKFU+kEijfmWacLlh/at5CpGGGKlwlbcg=="],

    "@opentelemetry/api": ["@opentelemetry/api@1.9.0", "", {}, "sha512-3giAOQvZiH5F9bMlMiv8+GSPMeqg0dbaeo58/0SlA9sxSqZhnUtxzX9/2FzyhS9sWQf5S0GJE0AKBrFqjpeYcg=="],

    "@pinojs/redact": ["@pinojs/redact@0.4.0", "", {}, "sha512-k2ENnmBugE/rzQfEcdWHcCY+/FM3VLzH9cYEsbdsoqrvzAKRhUZeRNhAZvB8OitQJ1TBed3yqWtdjzS6wJKBwg=="],

    "@standard-schema/spec": ["@standard-schema/spec@1.1.0", "", {}, "sha512-l2aFy5jALhniG5HgqrD6jXLi/rUWrKvqN/qJx6yoJsgKhblVd+iqqU4RCXavm/jPityDo5TCvKMnpjKnOriy0w=="],

    "@types/bun": ["@types/bun@1.3.11", "", { "dependencies": { "bun-types": "1.3.11" } }, "sha512-5vPne5QvtpjGpsGYXiFyycfpDF2ECyPcTSsFBMa0fraoxiQyMJ3SmuQIGhzPg2WJuWxVBoxWJ2kClYTcw/4fAg=="],

    "@types/node": ["@types/node@25.5.0", "", { "dependencies": { "undici-types": "~7.18.0" } }, "sha512-jp2P3tQMSxWugkCUKLRPVUpGaL5MVFwF8RDuSRztfwgN1wmqJeMSbKlnEtQqU8UrhTmzEmZdu2I6v2dpp7XIxw=="],

    "@vercel/oidc": ["@vercel/oidc@3.1.0", "", {}, "sha512-Fw28YZpRnA3cAHHDlkt7xQHiJ0fcL+NRcIqsocZQUSmbzeIKRpwttJjik5ZGanXP+vlA4SbTg+AbA3bP363l+w=="],

    "ai": ["ai@6.0.141", "", { "dependencies": { "@ai-sdk/gateway": "3.0.83", "@ai-sdk/provider": "3.0.8", "@ai-sdk/provider-utils": "4.0.21", "@opentelemetry/api": "1.9.0" }, "peerDependencies": { "zod": "^3.25.76 || ^4.1.8" } }, "sha512-+GomGQWaId3xN0wcugUW/H7xMMaFkID2PiS7K/Wugj45G3efv0BXhQ3psRZoQVoRbOpdNoUqcK/KTB+FR4h6qg=="],

    "atomic-sleep": ["atomic-sleep@1.0.0", "", {}, "sha512-kNOjDqAh7px0XWNI+4QbzoiR/nTkHAWNud2uvnJquD1/x5a7EQZMJT0AczqK0Qn67oY/TTQ1LbUKajZpp3I9tQ=="],

    "bun-types": ["bun-types@1.3.11", "", { "dependencies": { "@types/node": "*" } }, "sha512-1KGPpoxQWl9f6wcZh57LvrPIInQMn2TQ7jsgxqpRzg+l0QPOFvJVH7HmvHo/AiPgwXy+/Thf6Ov3EdVn1vOabg=="],

    "colorette": ["colorette@2.0.20", "", {}, "sha512-IfEDxwoWIjkeXL1eXcDiow4UbKjhLdq6/EuSVR9GMN7KVH3r9gQ83e73hsz1Nd1T3ijd5xv1wcWRYO+D6kCI2w=="],

    "dateformat": ["dateformat@4.6.3", "", {}, "sha512-2P0p0pFGzHS5EMnhdxQi7aJN+iMheud0UhG4dlE1DLAlvL8JHjJJTX/CSm4JXwV0Ka5nGk3zC5mcb5bUQUxxMA=="],

    "end-of-stream": ["end-of-stream@1.4.5", "", { "dependencies": { "once": "^1.4.0" } }, "sha512-ooEGc6HP26xXq/N+GCGOT0JKCLDGrq2bQUZrQ7gyrJiZANJ/8YDTxTpQBXGMn+WbIQXNVpyWymm7KYVICQnyOg=="],

    "eventsource-parser": ["eventsource-parser@3.0.6", "", {}, "sha512-Vo1ab+QXPzZ4tCa8SwIHJFaSzy4R6SHf7BY79rFBDf0idraZWAkYrDjDj8uWaSm3S2TK+hJ7/t1CEmZ7jXw+pg=="],

    "fast-copy": ["fast-copy@4.0.2", "", {}, "sha512-ybA6PDXIXOXivLJK/z9e+Otk7ve13I4ckBvGO5I2RRmBU1gMHLVDJYEuJYhGwez7YNlYji2M2DvVU+a9mSFDlw=="],

    "fast-safe-stringify": ["fast-safe-stringify@2.1.1", "", {}, "sha512-W+KJc2dmILlPplD/H4K9l9LcAHAfPtP6BY84uVLXQ6Evcz9Lcg33Y2z1IVblT6xdY54PXYVHEv+0Wpq8Io6zkA=="],

    "help-me": ["help-me@5.0.0", "", {}, "sha512-7xgomUX6ADmcYzFik0HzAxh/73YlKR9bmFzf51CZwR+b6YtzU2m0u49hQCqV6SvlqIqsaxovfwdvbnsw3b/zpg=="],

    "joycon": ["joycon@3.1.1", "", {}, "sha512-34wB/Y7MW7bzjKRjUKTa46I2Z7eV62Rkhva+KkopW7Qvv/OSWBqvkSY7vusOPrNuZcUG3tApvdVgNB8POj3SPw=="],

    "json-schema": ["json-schema@0.4.0", "", {}, "sha512-es94M3nTIfsEPisRafak+HDLfHXnKBhV3vU5eqPcS3flIWqcxJWgXHXiey3YrpaNsanY5ei1VoYEbOzijuq9BA=="],

    "minimist": ["minimist@1.2.8", "", {}, "sha512-2yyAR8qBkN3YuheJanUpWC5U3bb5osDywNB8RzDVlDwDHbocAJveqqj1u8+SVD7jkWT4yvsHCpWqqWqAxb0zCA=="],

    "on-exit-leak-free": ["on-exit-leak-free@2.1.2", "", {}, "sha512-0eJJY6hXLGf1udHwfNftBqH+g73EU4B504nZeKpz1sYRKafAghwxEJunB2O7rDZkL4PGfsMVnTXZ2EjibbqcsA=="],

    "once": ["once@1.4.0", "", { "dependencies": { "wrappy": "1" } }, "sha512-lNaJgI+2Q5URQBkccEKHTQOPaXdUxnZZElQTZY0MFUAuaEqe1E+Nyvgdz/aIyNi6Z9MzO5dv1H8n58/GELp3+w=="],

    "pino": ["pino@10.3.1", "", { "dependencies": { "@pinojs/redact": "^0.4.0", "atomic-sleep": "^1.0.0", "on-exit-leak-free": "^2.1.0", "pino-abstract-transport": "^3.0.0", "pino-std-serializers": "^7.0.0", "process-warning": "^5.0.0", "quick-format-unescaped": "^4.0.3", "real-require": "^0.2.0", "safe-stable-stringify": "^2.3.1", "sonic-boom": "^4.0.1", "thread-stream": "^4.0.0" }, "bin": { "pino": "bin.js" } }, "sha512-r34yH/GlQpKZbU1BvFFqOjhISRo1MNx1tWYsYvmj6KIRHSPMT2+yHOEb1SG6NMvRoHRF0a07kCOox/9yakl1vg=="],

    "pino-abstract-transport": ["pino-abstract-transport@3.0.0", "", { "dependencies": { "split2": "^4.0.0" } }, "sha512-wlfUczU+n7Hy/Ha5j9a/gZNy7We5+cXp8YL+X+PG8S0KXxw7n/JXA3c46Y0zQznIJ83URJiwy7Lh56WLokNuxg=="],

    "pino-pretty": ["pino-pretty@13.1.3", "", { "dependencies": { "colorette": "^2.0.7", "dateformat": "^4.6.3", "fast-copy": "^4.0.0", "fast-safe-stringify": "^2.1.1", "help-me": "^5.0.0", "joycon": "^3.1.1", "minimist": "^1.2.6", "on-exit-leak-free": "^2.1.0", "pino-abstract-transport": "^3.0.0", "pump": "^3.0.0", "secure-json-parse": "^4.0.0", "sonic-boom": "^4.0.1", "strip-json-comments": "^5.0.2" }, "bin": { "pino-pretty": "bin.js" } }, "sha512-ttXRkkOz6WWC95KeY9+xxWL6AtImwbyMHrL1mSwqwW9u+vLp/WIElvHvCSDg0xO/Dzrggz1zv3rN5ovTRVowKg=="],

    "pino-std-serializers": ["pino-std-serializers@7.1.0", "", {}, "sha512-BndPH67/JxGExRgiX1dX0w1FvZck5Wa4aal9198SrRhZjH3GxKQUKIBnYJTdj2HDN3UQAS06HlfcSbQj2OHmaw=="],

    "process-warning": ["process-warning@5.0.0", "", {}, "sha512-a39t9ApHNx2L4+HBnQKqxxHNs1r7KF+Intd8Q/g1bUh6q0WIp9voPXJ/x0j+ZL45KF1pJd9+q2jLIRMfvEshkA=="],

    "pump": ["pump@3.0.4", "", { "dependencies": { "end-of-stream": "^1.1.0", "once": "^1.3.1" } }, "sha512-VS7sjc6KR7e1ukRFhQSY5LM2uBWAUPiOPa/A3mkKmiMwSmRFUITt0xuj+/lesgnCv+dPIEYlkzrcyXgquIHMcA=="],

    "quick-format-unescaped": ["quick-format-unescaped@4.0.4", "", {}, "sha512-tYC1Q1hgyRuHgloV/YXs2w15unPVh8qfu/qCTfhTYamaw7fyhumKa2yGpdSo87vY32rIclj+4fWYQXUMs9EHvg=="],

    "real-require": ["real-require@0.2.0", "", {}, "sha512-57frrGM/OCTLqLOAh0mhVA9VBMHd+9U7Zb2THMGdBUoZVOtGbJzjxsYGDJ3A9AYYCP4hn6y1TVbaOfzWtm5GFg=="],

    "safe-stable-stringify": ["safe-stable-stringify@2.5.0", "", {}, "sha512-b3rppTKm9T+PsVCBEOUR46GWI7fdOs00VKZ1+9c1EWDaDMvjQc6tUwuFyIprgGgTcWoVHSKrU8H31ZHA2e0RHA=="],

    "secure-json-parse": ["secure-json-parse@4.1.0", "", {}, "sha512-l4KnYfEyqYJxDwlNVyRfO2E4NTHfMKAWdUuA8J0yve2Dz/E/PdBepY03RvyJpssIpRFwJoCD55wA+mEDs6ByWA=="],

    "sonic-boom": ["sonic-boom@4.2.1", "", { "dependencies": { "atomic-sleep": "^1.0.0" } }, "sha512-w6AxtubXa2wTXAUsZMMWERrsIRAdrK0Sc+FUytWvYAhBJLyuI4llrMIC1DtlNSdI99EI86KZum2MMq3EAZlF9Q=="],

    "split2": ["split2@4.2.0", "", {}, "sha512-UcjcJOWknrNkF6PLX83qcHM6KHgVKNkV62Y8a5uYDVv9ydGQVwAHMKqHdJje1VTWpljG0WYpCDhrCdAOYH4TWg=="],

    "strip-json-comments": ["strip-json-comments@5.0.3", "", {}, "sha512-1tB5mhVo7U+ETBKNf92xT4hrQa3pm0MZ0PQvuDnWgAAGHDsfp4lPSpiS6psrSiet87wyGPh9ft6wmhOMQ0hDiw=="],

    "thread-stream": ["thread-stream@4.0.0", "", { "dependencies": { "real-require": "^0.2.0" } }, "sha512-4iMVL6HAINXWf1ZKZjIPcz5wYaOdPhtO8ATvZ+Xqp3BTdaqtAwQkNmKORqcIo5YkQqGXq5cwfswDwMqqQNrpJA=="],

    "typescript": ["typescript@5.9.3", "", { "bin": { "tsc": "bin/tsc", "tsserver": "bin/tsserver" } }, "sha512-jl1vZzPDinLr9eUt3J/t7V6FgNEw9QjvBPdysz9KfQDD41fQrC2Y4vKQdiaUpFT4bXlb1RHhLpp8wtm6M5TgSw=="],

    "undici-types": ["undici-types@7.18.2", "", {}, "sha512-AsuCzffGHJybSaRrmr5eHr81mwJU3kjw6M+uprWvCXiNeN9SOGwQ3Jn8jb8m3Z6izVgknn1R0FTCEAP2QrLY/w=="],

    "vscode-jsonrpc": ["vscode-jsonrpc@8.2.1", "", {}, "sha512-kdjOSJ2lLIn7r1rtrMbbNCHjyMPfRnowdKjBQ+mGq6NAW5QY2bEZC/khaC5OR8svbbjvLEaIXkOq45e2X9BIbQ=="],

    "wrappy": ["wrappy@1.0.2", "", {}, "sha512-l4Sp/DRseor9wL6EvV2+TuQn63dMkPjZ/sp9XkghTEbV9KlPS1xUsZ3u7/IQO4wxtcFB4bgpQPRcR3QCvezPcQ=="],

    "zod": ["zod@4.3.6", "", {}, "sha512-rftlrkhHZOcjDwkGlnUtZZkvaPHCsDATp4pGpuOOMDaTdDDXF91wuVDJoWoPsKX/3YPQ5fHuF3STjcYyKr+Qhg=="],
  }
}
